{
  "name": "phase_3_section_1",
  "version": "1.0.0",
  "lockfileVersion": 1,
  "requires": true,
  "dependencies": {
    "lift-result": {
      "version": "0.1.5",
      "resolved": "https://registry.npmjs.org/lift-result/-/lift-result-0.1.5.tgz",
      "integrity": "sha1-qYg7JJNG/jHMKC2FWYORiaZqs4M=",
      "requires": {
        "result": "~1.0.2"
      }
    },
    "minimist": {
      "version": "1.2.5",
      "resolved": "https://registry.npmjs.org/minimist/-/minimist-1.2.5.tgz",
      "integrity": "sha512-FM9nNUYrRBAELZQT3xeZQ7fmMOBg6nWNmJKTcgsJeaLstP/UODVpGsr5OhXhhXg6f+qtJ8uiZ+PUxkDWcgIXLw=="
    },
    "mkdirp": {
      "version": "0.5.5",
      "resolved": "https://registry.npmjs.org/mkdirp/-/mkdirp-0.5.5.tgz",
      "integrity": "sha512-NKmAlESf6jMGym1++R0Ra7wvhV+wFW63FaSOFPwRahvea0gMUcGUhVeAg/0BC0wiv9ih5NYPB1Wn1UEI1/L+xQ==",
      "requires": {
        "minimist": "^1.2.5"
      }
    },
    "next-tick": {
      "version": "github:timoxley/next-tick#6f25f8c2d25697dead7e49e978ae4c31703f7490",
      "from": "github:timoxley/next-tick#0.0.2"
    },
    "readline-sync": {
      "version": "1.4.10",
      "resolved": "https://registry.npmjs.org/readline-sync/-/readline-sync-1.4.10.tgz",
      "integrity": "sha512-gNva8/6UAe8QYepIQH/jQ2qn91Qj0B9sYjMBBs3QOB8F2CXcKgLxQaJRP76sWVRQt+QU+8fAkCbCvjjMFu7Ycw=="
    },
    "result": {
      "version": "1.0.3",
      "resolved": "https://registry.npmjs.org/result/-/result-1.0.3.tgz",
      "integrity": "sha1-qC+rRnkGjjUju+PuyCQUU9zFVC4=",
      "requires": {
        "result-core": "1.2.1",
        "result-type": "1.0.0"
      }
    },
    "result-core": {
      "version": "1.2.1",
      "resolved": "https://registry.npmjs.org/result-core/-/result-core-1.2.1.tgz",
      "integrity": "sha1-3PyrYs6hHtWuvhKUGyOXDBe+WOo=",
      "requires": {
        "next-tick": "github:timoxley/next-tick#0.0.2",
        "result-type": "1.0.0"
      }
    },
    "result-type": {
      "version": "1.0.0",
      "resolved": "https://registry.npmjs.org/result-type/-/result-type-1.0.0.tgz",
      "integrity": "sha1-5PGlvyJsXGsfFFAGh2Ptn0/mmHk="
    },
    "writefile": {
      "version": "0.2.8",
      "resolved": "https://registry.npmjs.org/writefile/-/writefile-0.2.8.tgz",
      "integrity": "sha1-3A0ZM3mLmUMI4O61UR2h1vJiSz4=",
      "requires": {
        "lift-result": "~0.1.5",
        "mkdirp": "^0.5.0",
        "result-type": "1.0.0"
      }
    }
  }
}
